
Microsoft Visual Studio Solution File, Format Version 12.00
# Visual Studio Version 16
VisualStudioVersion = 16.0.33328.57
MinimumVisualStudioVersion = 10.0.40219.1
Project("{2150E333-8FDC-42A3-9474-1A3956D46DE8}") = "1 - Presentation", "1 - Presentation", "{BEAEF496-9F1A-44CF-A0B7-C33159D9390C}"
EndProject
Project("{2150E333-8FDC-42A3-9474-1A3956D46DE8}") = "2 - Application", "2 - Application", "{4ED19162-3A32-4C4C-BDAD-A2C899956311}"
EndProject
Project("{2150E333-8FDC-42A3-9474-1A3956D46DE8}") = "3 - Domain", "3 - Domain", "{E53FC83D-2BBA-492F-A6B8-B6E1910EA2C1}"
EndProject
Project("{2150E333-8FDC-42A3-9474-1A3956D46DE8}") = "4 - Infra", "4 - Infra", "{75888828-50AF-4A7C-A15F-33AC3424AFB2}"
EndProject
Project("{9A19103F-16F7-4668-BE54-9A1E7A4F7556}") = "Infrastructure", "Infrastructure\Infrastructure.csproj", "{01218684-79DA-41D9-AA59-32C934D11F56}"
EndProject
Project("{9A19103F-16F7-4668-BE54-9A1E7A4F7556}") = "Domain", "Domain\Domain.csproj", "{B3D766FB-910B-455F-8787-1D1DE6B9C140}"
EndProject
Project("{9A19103F-16F7-4668-BE54-9A1E7A4F7556}") = "ApplicationApp", "ApplicationApp\ApplicationApp.csproj", "{A76213F0-71AE-48F9-8E5A-75171743E000}"
EndProject
Project("{2150E333-8FDC-42A3-9474-1A3956D46DE8}") = "5 - Entities", "5 - Entities", "{7A18AE0E-C61E-4632-859D-E4CEDA802043}"
EndProject
Project("{9A19103F-16F7-4668-BE54-9A1E7A4F7556}") = "Entities", "Entities\Entities.csproj", "{ECEF3F22-9F64-4C6C-B1B3-AF348F177F5B}"
EndProject
Project("{9A19103F-16F7-4668-BE54-9A1E7A4F7556}") = "Web_ECommerce", "Web_ECommerce\Web_ECommerce.csproj", "{F24880C3-0096-48CB-9876-6E19CEB90B76}"
EndProject
Project("{2150E333-8FDC-42A3-9474-1A3956D46DE8}") = "6 - Teste", "6 - Teste", "{C4684742-8A12-4F86-8398-CB5CD3E2DAAE}"
EndProject
Project("{FAE04EC0-301F-11D3-BF4B-00C04F79EFBC}") = "UnitTestEcommerceDDD", "UnitTestEcommerceDDD\UnitTestEcommerceDDD.csproj", "{B0484BE5-A431-4F7E-80FD-3ECC899ECC34}"
EndProject
Global
	GlobalSection(SolutionConfigurationPlatforms) = preSolution
		Debug|Any CPU = Debug|Any CPU
		Release|Any CPU = Release|Any CPU
	EndGlobalSection
	GlobalSection(ProjectConfigurationPlatforms) = postSolution
		{01218684-79DA-41D9-AA59-32C934D11F56}.Debug|Any CPU.ActiveCfg = Debug|Any CPU
		{01218684-79DA-41D9-AA59-32C934D11F56}.Debug|Any CPU.Build.0 = Debug|Any CPU
		{01218684-79DA-41D9-AA59-32C934D11F56}.Release|Any CPU.ActiveCfg = Release|Any CPU
		{01218684-79DA-41D9-AA59-32C934D11F56}.Release|Any CPU.Build.0 = Release|Any CPU
		{B3D766FB-910B-455F-8787-1D1DE6B9C140}.Debug|Any CPU.ActiveCfg = Debug|Any CPU
		{B3D766FB-910B-455F-8787-1D1DE6B9C140}.Debug|Any CPU.Build.0 = Debug|Any CPU
		{B3D766FB-910B-455F-8787-1D1DE6B9C140}.Release|Any CPU.ActiveCfg = Release|Any CPU
		{B3D766FB-910B-455F-8787-1D1DE6B9C140}.Release|Any CPU.Build.0 = Release|Any CPU
		{A76213F0-71AE-48F9-8E5A-75171743E000}.Debug|Any CPU.ActiveCfg = Debug|Any CPU
		{A76213F0-71AE-48F9-8E5A-75171743E000}.Debug|Any CPU.Build.0 = Debug|Any CPU
		{A76213F0-71AE-48F9-8E5A-75171743E000}.Release|Any CPU.ActiveCfg = Release|Any CPU
		{A76213F0-71AE-48F9-8E5A-75171743E000}.Release|Any CPU.Build.0 = Release|Any CPU
		{ECEF3F22-9F64-4C6C-B1B3-AF348F177F5B}.Debug|Any CPU.ActiveCfg = Debug|Any CPU
		{ECEF3F22-9F64-4C6C-B1B3-AF348F177F5B}.Debug|Any CPU.Build.0 = Debug|Any CPU
		{ECEF3F22-9F64-4C6C-B1B3-AF348F177F5B}.Release|Any CPU.ActiveCfg = Release|Any CPU
		{ECEF3F22-9F64-4C6C-B1B3-AF348F177F5B}.Release|Any CPU.Build.0 = Release|Any CPU
		{F24880C3-0096-48CB-9876-6E19CEB90B76}.Debug|Any CPU.ActiveCfg = Debug|Any CPU
		{F24880C3-0096-48CB-9876-6E19CEB90B76}.Debug|Any CPU.Build.0 = Debug|Any CPU
		{F24880C3-0096-48CB-9876-6E19CEB90B76}.Release|Any CPU.ActiveCfg = Release|Any CPU
		{F24880C3-0096-48CB-9876-6E19CEB90B76}.Release|Any CPU.Build.0 = Release|Any CPU
		{B0484BE5-A431-4F7E-80FD-3ECC899ECC34}.Debug|Any CPU.ActiveCfg = Debug|Any CPU
		{B0484BE5-A431-4F7E-80FD-3ECC899ECC34}.Debug|Any CPU.Build.0 = Debug|Any CPU
		{B0484BE5-A431-4F7E-80FD-3ECC899ECC34}.Release|Any CPU.ActiveCfg = Release|Any CPU
		{B0484BE5-A431-4F7E-80FD-3ECC899ECC34}.Release|Any CPU.Build.0 = Release|Any CPU
	EndGlobalSection
	GlobalSection(SolutionProperties) = preSolution
		HideSolutionNode = FALSE
	EndGlobalSection
	GlobalSection(NestedProjects) = preSolution
		{01218684-79DA-41D9-AA59-32C934D11F56} = {75888828-50AF-4A7C-A15F-33AC3424AFB2}
		{B3D766FB-910B-455F-8787-1D1DE6B9C140} = {E53FC83D-2BBA-492F-A6B8-B6E1910EA2C1}
		{A76213F0-71AE-48F9-8E5A-75171743E000} = {4ED19162-3A32-4C4C-BDAD-A2C899956311}
		{ECEF3F22-9F64-4C6C-B1B3-AF348F177F5B} = {7A18AE0E-C61E-4632-859D-E4CEDA802043}
		{F24880C3-0096-48CB-9876-6E19CEB90B76} = {BEAEF496-9F1A-44CF-A0B7-C33159D9390C}
		{B0484BE5-A431-4F7E-80FD-3ECC899ECC34} = {C4684742-8A12-4F86-8398-CB5CD3E2DAAE}
	EndGlobalSection
	GlobalSection(ExtensibilityGlobals) = postSolution
		SolutionGuid = {4CF9FB03-8D3F-47DF-BC09-546C82A2C2E4}
	EndGlobalSection
EndGlobal
